{
  "object": {
    "pins": [
      {
        "package": "FloatingPanel",
        "repositoryURL": "https://github.com/SCENEE/FloatingPanel",
        "state": {
          "branch": null,
          "revision": "3d6c0220e0f5b0df497901a87036502fff488167",
          "version": "2.2.0"
        }
      }
    ]
  },
  "version": 1
}
